
Microsoft Visual Studio Solution File, Format Version 12.00
# Visual Studio Version 16
VisualStudioVersion = 16.0.30711.63
MinimumVisualStudioVersion = 10.0.40219.1
Project("{2150E333-8FDC-42A3-9474-1A3956D46DE8}") = "Solution Items", "Solution Items", "{0A7CE6D2-374F-4EBC-BFD3-DE2587A6701C}"
	ProjectSection(SolutionItems) = preProject
		.editorconfig = .editorconfig
		.gitignore = .gitignore
		.gitlab-ci.yml = .gitlab-ci.yml
		CodeMaid.config = CodeMaid.config
		LICENSE.txt = LICENSE.txt
		README.md = README.md
	EndProjectSection
EndProject
Project("{2150E333-8FDC-42A3-9474-1A3956D46DE8}") = "src", "src", "{D4E6650D-2156-4660-B531-0B2AAD475BA1}"
EndProject
Project("{2150E333-8FDC-42A3-9474-1A3956D46DE8}") = "test", "test", "{3B6130C0-9168-4208-A677-29DD20301220}"
EndProject
Project("{9A19103F-16F7-4668-BE54-9A1E7A4F7556}") = "ConsoleDemo", "src\ConsoleDemo\ConsoleDemo.csproj", "{2E6A165D-23DE-40D2-8A43-FE6EFA86F076}"
EndProject
Project("{9A19103F-16F7-4668-BE54-9A1E7A4F7556}") = "Modbus.Common", "src\Modbus.Common\Modbus.Common.csproj", "{71D10922-FE10-4A77-B4AC-E947797E9CFE}"
EndProject
Project("{9A19103F-16F7-4668-BE54-9A1E7A4F7556}") = "Modbus.Serial", "src\Modbus.Serial\Modbus.Serial.csproj", "{30629B0B-B815-4951-AE56-9A0038210ECB}"
EndProject
Project("{9A19103F-16F7-4668-BE54-9A1E7A4F7556}") = "Modbus.Tcp", "src\Modbus.Tcp\Modbus.Tcp.csproj", "{BF60D1D4-3767-4EC4-AC53-C1772958BE14}"
EndProject
Project("{9A19103F-16F7-4668-BE54-9A1E7A4F7556}") = "UnitTests", "test\UnitTests\UnitTests.csproj", "{33EB4212-B2B4-4CFA-A374-1DD9D2675822}"
EndProject
Project("{9A19103F-16F7-4668-BE54-9A1E7A4F7556}") = "Modbus.Proxy", "src\Modbus.Proxy\Modbus.Proxy.csproj", "{F2428E7C-FB89-48F2-8E4B-85F8E44F2319}"
EndProject
Global
	GlobalSection(SolutionConfigurationPlatforms) = preSolution
		Debug|Any CPU = Debug|Any CPU
		Release|Any CPU = Release|Any CPU
	EndGlobalSection
	GlobalSection(ProjectConfigurationPlatforms) = postSolution
		{2E6A165D-23DE-40D2-8A43-FE6EFA86F076}.Debug|Any CPU.ActiveCfg = Debug|Any CPU
		{2E6A165D-23DE-40D2-8A43-FE6EFA86F076}.Debug|Any CPU.Build.0 = Debug|Any CPU
		{2E6A165D-23DE-40D2-8A43-FE6EFA86F076}.Release|Any CPU.ActiveCfg = Release|Any CPU
		{2E6A165D-23DE-40D2-8A43-FE6EFA86F076}.Release|Any CPU.Build.0 = Release|Any CPU
		{71D10922-FE10-4A77-B4AC-E947797E9CFE}.Debug|Any CPU.ActiveCfg = Debug|Any CPU
		{71D10922-FE10-4A77-B4AC-E947797E9CFE}.Debug|Any CPU.Build.0 = Debug|Any CPU
		{71D10922-FE10-4A77-B4AC-E947797E9CFE}.Release|Any CPU.ActiveCfg = Release|Any CPU
		{71D10922-FE10-4A77-B4AC-E947797E9CFE}.Release|Any CPU.Build.0 = Release|Any CPU
		{30629B0B-B815-4951-AE56-9A0038210ECB}.Debug|Any CPU.ActiveCfg = Debug|Any CPU
		{30629B0B-B815-4951-AE56-9A0038210ECB}.Debug|Any CPU.Build.0 = Debug|Any CPU
		{30629B0B-B815-4951-AE56-9A0038210ECB}.Release|Any CPU.ActiveCfg = Release|Any CPU
		{30629B0B-B815-4951-AE56-9A0038210ECB}.Release|Any CPU.Build.0 = Release|Any CPU
		{BF60D1D4-3767-4EC4-AC53-C1772958BE14}.Debug|Any CPU.ActiveCfg = Debug|Any CPU
		{BF60D1D4-3767-4EC4-AC53-C1772958BE14}.Debug|Any CPU.Build.0 = Debug|Any CPU
		{BF60D1D4-3767-4EC4-AC53-C1772958BE14}.Release|Any CPU.ActiveCfg = Release|Any CPU
		{BF60D1D4-3767-4EC4-AC53-C1772958BE14}.Release|Any CPU.Build.0 = Release|Any CPU
		{33EB4212-B2B4-4CFA-A374-1DD9D2675822}.Debug|Any CPU.ActiveCfg = Debug|Any CPU
		{33EB4212-B2B4-4CFA-A374-1DD9D2675822}.Debug|Any CPU.Build.0 = Debug|Any CPU
		{33EB4212-B2B4-4CFA-A374-1DD9D2675822}.Release|Any CPU.ActiveCfg = Release|Any CPU
		{33EB4212-B2B4-4CFA-A374-1DD9D2675822}.Release|Any CPU.Build.0 = Release|Any CPU
		{F2428E7C-FB89-48F2-8E4B-85F8E44F2319}.Debug|Any CPU.ActiveCfg = Debug|Any CPU
		{F2428E7C-FB89-48F2-8E4B-85F8E44F2319}.Debug|Any CPU.Build.0 = Debug|Any CPU
		{F2428E7C-FB89-48F2-8E4B-85F8E44F2319}.Release|Any CPU.ActiveCfg = Release|Any CPU
		{F2428E7C-FB89-48F2-8E4B-85F8E44F2319}.Release|Any CPU.Build.0 = Release|Any CPU
	EndGlobalSection
	GlobalSection(SolutionProperties) = preSolution
		HideSolutionNode = FALSE
	EndGlobalSection
	GlobalSection(NestedProjects) = preSolution
		{2E6A165D-23DE-40D2-8A43-FE6EFA86F076} = {D4E6650D-2156-4660-B531-0B2AAD475BA1}
		{71D10922-FE10-4A77-B4AC-E947797E9CFE} = {D4E6650D-2156-4660-B531-0B2AAD475BA1}
		{30629B0B-B815-4951-AE56-9A0038210ECB} = {D4E6650D-2156-4660-B531-0B2AAD475BA1}
		{BF60D1D4-3767-4EC4-AC53-C1772958BE14} = {D4E6650D-2156-4660-B531-0B2AAD475BA1}
		{33EB4212-B2B4-4CFA-A374-1DD9D2675822} = {3B6130C0-9168-4208-A677-29DD20301220}
		{F2428E7C-FB89-48F2-8E4B-85F8E44F2319} = {D4E6650D-2156-4660-B531-0B2AAD475BA1}
	EndGlobalSection
	GlobalSection(ExtensibilityGlobals) = postSolution
		SolutionGuid = {FC7F1581-0E3C-4E35-9DBC-CC7952DE19C1}
	EndGlobalSection
EndGlobal
